
Microsoft Visual Studio Solution File, Format Version 12.00
# Visual Studio Version 16
VisualStudioVersion = 16.0.30523.141
MinimumVisualStudioVersion = 10.0.40219.1
Project("{34036844-64E7-43A5-9151-4AD90E180989}") = "edgecustommodule", "edgecustommodule\edgecustommodule.iotedgeproj", "{B103C176-99B0-4E5D-BE38-F55580030A9D}"
EndProject
Project("{FAE04EC0-301F-11D3-BF4B-00C04F79EFBC}") = "IotEdgeCustomModule", "IotEdgeCustomModule\IotEdgeCustomModule.csproj", "{D0D200DC-4247-4CCE-8831-DC4A0C5AC8DB}"
EndProject
Global
	GlobalSection(SolutionConfigurationPlatforms) = preSolution
		Debug|Any CPU = Debug|Any CPU
		Release|Any CPU = Release|Any CPU
	EndGlobalSection
	GlobalSection(ProjectConfigurationPlatforms) = postSolution
		{B103C176-99B0-4E5D-BE38-F55580030A9D}.Debug|Any CPU.ActiveCfg = Debug|Any CPU
		{B103C176-99B0-4E5D-BE38-F55580030A9D}.Debug|Any CPU.Build.0 = Debug|Any CPU
		{B103C176-99B0-4E5D-BE38-F55580030A9D}.Release|Any CPU.ActiveCfg = Release|Any CPU
		{B103C176-99B0-4E5D-BE38-F55580030A9D}.Release|Any CPU.Build.0 = Release|Any CPU
		{D0D200DC-4247-4CCE-8831-DC4A0C5AC8DB}.Debug|Any CPU.ActiveCfg = Debug|Any CPU
		{D0D200DC-4247-4CCE-8831-DC4A0C5AC8DB}.Debug|Any CPU.Build.0 = Debug|Any CPU
		{D0D200DC-4247-4CCE-8831-DC4A0C5AC8DB}.Release|Any CPU.ActiveCfg = Release|Any CPU
		{D0D200DC-4247-4CCE-8831-DC4A0C5AC8DB}.Release|Any CPU.Build.0 = Release|Any CPU
	EndGlobalSection
	GlobalSection(SolutionProperties) = preSolution
		HideSolutionNode = FALSE
	EndGlobalSection
	GlobalSection(ExtensibilityGlobals) = postSolution
		SolutionGuid = {7AF7B8D5-A0C4-4134-A135-C616C0FF5C5A}
	EndGlobalSection
EndGlobal
